
Microsoft Visual Studio Solution File, Format Version 12.00
# Visual Studio 15
VisualStudioVersion = 15.0.28307.902
MinimumVisualStudioVersion = 10.0.40219.1
Project("{FAE04EC0-301F-11D3-BF4B-00C04F79EFBC}") = "BackgroundWorker", "BackgroundWorker\BackgroundWorker.csproj", "{CC1598CA-0705-4CE8-9048-B4BFC3936CEE}"
EndProject
Global
	GlobalSection(SolutionConfigurationPlatforms) = preSolution
		Debug|Any CPU = Debug|Any CPU
		Release|Any CPU = Release|Any CPU
	EndGlobalSection
	GlobalSection(ProjectConfigurationPlatforms) = postSolution
		{CC1598CA-0705-4CE8-9048-B4BFC3936CEE}.Debug|Any CPU.ActiveCfg = Debug|Any CPU
		{CC1598CA-0705-4CE8-9048-B4BFC3936CEE}.Debug|Any CPU.Build.0 = Debug|Any CPU
		{CC1598CA-0705-4CE8-9048-B4BFC3936CEE}.Release|Any CPU.ActiveCfg = Release|Any CPU
		{CC1598CA-0705-4CE8-9048-B4BFC3936CEE}.Release|Any CPU.Build.0 = Release|Any CPU
	EndGlobalSection
	GlobalSection(SolutionProperties) = preSolution
		HideSolutionNode = FALSE
	EndGlobalSection
	GlobalSection(ExtensibilityGlobals) = postSolution
		SolutionGuid = {9F68F230-43DA-41C5-B386-D5C9C8E7244A}
	EndGlobalSection
EndGlobal
